PODS:
  - EIMiniProgramSDK (1.0.0):
    - EIMiniProgramSDK/Core (= 1.0.0)
  - EIMiniProgramSDK/Core (1.0.0):
    - EIMiniProgramSDK/Core/Headers (= 1.0.0)
    - EIMiniProgramSDK/Core/Libs (= 1.0.0)
  - EIMiniProgramSDK/Core/Headers (1.0.0):
    - EIMiniProgramSDK/Core/Headers/weexHeader (= 1.0.0)
  - EIMiniProgramSDK/Core/Headers/weexHeader (1.0.0)
  - EIMiniProgramSDK/Core/Libs (1.0.0)

DEPENDENCIES:
  - EIMiniProgramSDK (from `../`)

EXTERNAL SOURCES:
  EIMiniProgramSDK:
    :path: "../"

SPEC CHECKSUMS:
  EIMiniProgramSDK: ae17400ae00b364e7315927098ab049cc6f29859

PODFILE CHECKSUM: 34d73e8e90bb31e5f6fef7873531a68e1618e12e

COCOAPODS: 1.14.2
